
Microsoft Visual Studio Solution File, Format Version 12.00
# Visual Studio Version 17
VisualStudioVersion = 17.5.33627.172
MinimumVisualStudioVersion = 10.0.40219.1
Project("{FAE04EC0-301F-11D3-BF4B-00C04F79EFBC}") = "RealState-WEB", "RealState-WEB\RealState-WEB.csproj", "{59876056-E6C0-4F1D-960E-41D7112D41A0}"
EndProject
Global
	GlobalSection(SolutionConfigurationPlatforms) = preSolution
		Debug|Any CPU = Debug|Any CPU
		Release|Any CPU = Release|Any CPU
	EndGlobalSection
	GlobalSection(ProjectConfigurationPlatforms) = postSolution
		{59876056-E6C0-4F1D-960E-41D7112D41A0}.Debug|Any CPU.ActiveCfg = Debug|Any CPU
		{59876056-E6C0-4F1D-960E-41D7112D41A0}.Debug|Any CPU.Build.0 = Debug|Any CPU
		{59876056-E6C0-4F1D-960E-41D7112D41A0}.Release|Any CPU.ActiveCfg = Release|Any CPU
		{59876056-E6C0-4F1D-960E-41D7112D41A0}.Release|Any CPU.Build.0 = Release|Any CPU
	EndGlobalSection
	GlobalSection(SolutionProperties) = preSolution
		HideSolutionNode = FALSE
	EndGlobalSection
	GlobalSection(ExtensibilityGlobals) = postSolution
		SolutionGuid = {171E4510-F87B-4FAE-B1BE-66829F7212BD}
	EndGlobalSection
EndGlobal
